
Microsoft Visual Studio Solution File, Format Version 12.00
# Visual Studio Version 16
VisualStudioVersion = 16.0.30114.105
MinimumVisualStudioVersion = 10.0.40219.1
Project("{FAE04EC0-301F-11D3-BF4B-00C04F79EFBC}") = "R5T.Troy.Base", "R5T.Troy.Base\R5T.Troy.Base.csproj", "{26CD3AFE-D917-41C6-BC53-F1C5ACE8C1F5}"
EndProject
Project("{FAE04EC0-301F-11D3-BF4B-00C04F79EFBC}") = "R5T.Troy.Base.Construction", "R5T.Troy.Base.Construction\R5T.Troy.Base.Construction.csproj", "{04129ED7-F1A1-4EEF-A825-C58977DC0039}"
EndProject
Project("{2150E333-8FDC-42A3-9474-1A3956D46DE8}") = "_Dependencies", "_Dependencies", "{A3A96C55-3216-47EB-9E9D-2BBA5D20A38D}"
EndProject
Project("{FAE04EC0-301F-11D3-BF4B-00C04F79EFBC}") = "R5T.T0064", "..\..\R5T.T0064\source\R5T.T0064\R5T.T0064.csproj", "{39D71731-9822-4EF4-B65D-A6802F73E73E}"
EndProject
Global
	GlobalSection(SolutionConfigurationPlatforms) = preSolution
		Debug|Any CPU = Debug|Any CPU
		Debug|x64 = Debug|x64
		Debug|x86 = Debug|x86
		Release|Any CPU = Release|Any CPU
		Release|x64 = Release|x64
		Release|x86 = Release|x86
	EndGlobalSection
	GlobalSection(SolutionProperties) = preSolution
		HideSolutionNode = FALSE
	EndGlobalSection
	GlobalSection(ProjectConfigurationPlatforms) = postSolution
		{26CD3AFE-D917-41C6-BC53-F1C5ACE8C1F5}.Debug|Any CPU.ActiveCfg = Debug|Any CPU
		{26CD3AFE-D917-41C6-BC53-F1C5ACE8C1F5}.Debug|Any CPU.Build.0 = Debug|Any CPU
		{26CD3AFE-D917-41C6-BC53-F1C5ACE8C1F5}.Debug|x64.ActiveCfg = Debug|Any CPU
		{26CD3AFE-D917-41C6-BC53-F1C5ACE8C1F5}.Debug|x64.Build.0 = Debug|Any CPU
		{26CD3AFE-D917-41C6-BC53-F1C5ACE8C1F5}.Debug|x86.ActiveCfg = Debug|Any CPU
		{26CD3AFE-D917-41C6-BC53-F1C5ACE8C1F5}.Debug|x86.Build.0 = Debug|Any CPU
		{26CD3AFE-D917-41C6-BC53-F1C5ACE8C1F5}.Release|Any CPU.ActiveCfg = Release|Any CPU
		{26CD3AFE-D917-41C6-BC53-F1C5ACE8C1F5}.Release|Any CPU.Build.0 = Release|Any CPU
		{26CD3AFE-D917-41C6-BC53-F1C5ACE8C1F5}.Release|x64.ActiveCfg = Release|Any CPU
		{26CD3AFE-D917-41C6-BC53-F1C5ACE8C1F5}.Release|x64.Build.0 = Release|Any CPU
		{26CD3AFE-D917-41C6-BC53-F1C5ACE8C1F5}.Release|x86.ActiveCfg = Release|Any CPU
		{26CD3AFE-D917-41C6-BC53-F1C5ACE8C1F5}.Release|x86.Build.0 = Release|Any CPU
		{04129ED7-F1A1-4EEF-A825-C58977DC0039}.Debug|Any CPU.ActiveCfg = Debug|Any CPU
		{04129ED7-F1A1-4EEF-A825-C58977DC0039}.Debug|Any CPU.Build.0 = Debug|Any CPU
		{04129ED7-F1A1-4EEF-A825-C58977DC0039}.Debug|x64.ActiveCfg = Debug|Any CPU
		{04129ED7-F1A1-4EEF-A825-C58977DC0039}.Debug|x64.Build.0 = Debug|Any CPU
		{04129ED7-F1A1-4EEF-A825-C58977DC0039}.Debug|x86.ActiveCfg = Debug|Any CPU
		{04129ED7-F1A1-4EEF-A825-C58977DC0039}.Debug|x86.Build.0 = Debug|Any CPU
		{04129ED7-F1A1-4EEF-A825-C58977DC0039}.Release|Any CPU.ActiveCfg = Release|Any CPU
		{04129ED7-F1A1-4EEF-A825-C58977DC0039}.Release|Any CPU.Build.0 = Release|Any CPU
		{04129ED7-F1A1-4EEF-A825-C58977DC0039}.Release|x64.ActiveCfg = Release|Any CPU
		{04129ED7-F1A1-4EEF-A825-C58977DC0039}.Release|x64.Build.0 = Release|Any CPU
		{04129ED7-F1A1-4EEF-A825-C58977DC0039}.Release|x86.ActiveCfg = Release|Any CPU
		{04129ED7-F1A1-4EEF-A825-C58977DC0039}.Release|x86.Build.0 = Release|Any CPU
		{39D71731-9822-4EF4-B65D-A6802F73E73E}.Debug|Any CPU.ActiveCfg = Debug|Any CPU
		{39D71731-9822-4EF4-B65D-A6802F73E73E}.Debug|Any CPU.Build.0 = Debug|Any CPU
		{39D71731-9822-4EF4-B65D-A6802F73E73E}.Debug|x64.ActiveCfg = Debug|Any CPU
		{39D71731-9822-4EF4-B65D-A6802F73E73E}.Debug|x64.Build.0 = Debug|Any CPU
		{39D71731-9822-4EF4-B65D-A6802F73E73E}.Debug|x86.ActiveCfg = Debug|Any CPU
		{39D71731-9822-4EF4-B65D-A6802F73E73E}.Debug|x86.Build.0 = Debug|Any CPU
		{39D71731-9822-4EF4-B65D-A6802F73E73E}.Release|Any CPU.ActiveCfg = Release|Any CPU
		{39D71731-9822-4EF4-B65D-A6802F73E73E}.Release|Any CPU.Build.0 = Release|Any CPU
		{39D71731-9822-4EF4-B65D-A6802F73E73E}.Release|x64.ActiveCfg = Release|Any CPU
		{39D71731-9822-4EF4-B65D-A6802F73E73E}.Release|x64.Build.0 = Release|Any CPU
		{39D71731-9822-4EF4-B65D-A6802F73E73E}.Release|x86.ActiveCfg = Release|Any CPU
		{39D71731-9822-4EF4-B65D-A6802F73E73E}.Release|x86.Build.0 = Release|Any CPU
	EndGlobalSection
	GlobalSection(NestedProjects) = preSolution
		{39D71731-9822-4EF4-B65D-A6802F73E73E} = {A3A96C55-3216-47EB-9E9D-2BBA5D20A38D}
	EndGlobalSection
EndGlobal
